{
  "name": "wild",
  "lockfileVersion": 3,
  "requires": true,
  "packages": {
    "": {
      "dependencies": {
        "@roboflow/inference-sdk": "^0.4.0"
      }
    },
    "node_modules/@roboflow/inference-sdk": {
      "version": "0.4.0",
      "resolved": "https://registry.npmjs.org/@roboflow/inference-sdk/-/inference-sdk-0.4.0.tgz",
      "integrity": "sha512-jyuWSIRSwz54NXufDvODToumZ/qhCy4FF7AvW1mvhjFHxj0dQQd2LBD0Hpbmw4aibXHGFPHLCxTm93TLwYB1VA==",
      "license": "ISC"
    }
  }
}
